
Microsoft Visual Studio Solution File, Format Version 12.00
# Visual Studio 15
VisualStudioVersion = 15.0.27428.2015
MinimumVisualStudioVersion = 10.0.40219.1
Project("{FAE04EC0-301F-11D3-BF4B-00C04F79EFBC}") = "DateNightScenario15", "DateNightScenario\DateNightScenario15.csproj", "{93BF671C-8D53-4C31-93C2-8D745A685A24}"
EndProject
Global
	GlobalSection(SolutionConfigurationPlatforms) = preSolution
		Debug|Any CPU = Debug|Any CPU
		Release|Any CPU = Release|Any CPU
	EndGlobalSection
	GlobalSection(ProjectConfigurationPlatforms) = postSolution
		{93BF671C-8D53-4C31-93C2-8D745A685A24}.Debug|Any CPU.ActiveCfg = Debug|Any CPU
		{93BF671C-8D53-4C31-93C2-8D745A685A24}.Debug|Any CPU.Build.0 = Debug|Any CPU
		{93BF671C-8D53-4C31-93C2-8D745A685A24}.Release|Any CPU.ActiveCfg = Release|Any CPU
		{93BF671C-8D53-4C31-93C2-8D745A685A24}.Release|Any CPU.Build.0 = Release|Any CPU
	EndGlobalSection
	GlobalSection(SolutionProperties) = preSolution
		HideSolutionNode = FALSE
	EndGlobalSection
	GlobalSection(ExtensibilityGlobals) = postSolution
		SolutionGuid = {572D3D65-7B15-4B70-BAE2-637D545280DC}
	EndGlobalSection
EndGlobal
